github.com/1071496910/go-bitmap v0.0.0-20190906065917-96bb6823f7af h1:n/gSNWdpv21msX2NPdAOFh7gh+Gv/ZbvTI+zmehp3Hc=
github.com/1071496910/go-bitmap v0.0.0-20190906065917-96bb6823f7af/go.mod h1:+PRbTzXmkSSgdk36fertRTg7pcXIrLiyH2fCAiQIBZE=
github.com/spaolacci/murmur3 v1.1.0 h1:7c1g84S4BPRrfL5Xrdp6fOJ206sU9y293DDHaoy0bLI=
github.com/spaolacci/murmur3 v1.1.0/go.mod h1:JwIasOWyU6f++ZhiEuf87xNszmSA2myDM2Kzu9HwQUA=
